
Microsoft Visual Studio Solution File, Format Version 12.00
# Visual Studio Version 17
VisualStudioVersion = 17.10.35122.118
MinimumVisualStudioVersion = 10.0.40219.1
Project("{FAE04EC0-301F-11D3-BF4B-00C04F79EFBC}") = "AdvancedCsharp_Assignment3", "AdvancedCsharp_Assignment3\AdvancedCsharp_Assignment3.csproj", "{379814E0-4122-4CD0-AE4D-90E5653F21F0}"
EndProject
Global
	GlobalSection(SolutionConfigurationPlatforms) = preSolution
		Debug|Any CPU = Debug|Any CPU
		Release|Any CPU = Release|Any CPU
	EndGlobalSection
	GlobalSection(ProjectConfigurationPlatforms) = postSolution
		{379814E0-4122-4CD0-AE4D-90E5653F21F0}.Debug|Any CPU.ActiveCfg = Debug|Any CPU
		{379814E0-4122-4CD0-AE4D-90E5653F21F0}.Debug|Any CPU.Build.0 = Debug|Any CPU
		{379814E0-4122-4CD0-AE4D-90E5653F21F0}.Release|Any CPU.ActiveCfg = Release|Any CPU
		{379814E0-4122-4CD0-AE4D-90E5653F21F0}.Release|Any CPU.Build.0 = Release|Any CPU
	EndGlobalSection
	GlobalSection(SolutionProperties) = preSolution
		HideSolutionNode = FALSE
	EndGlobalSection
	GlobalSection(ExtensibilityGlobals) = postSolution
		SolutionGuid = {A591FF02-44CB-4BC9-BBEE-0F6E5EE14ECE}
	EndGlobalSection
EndGlobal
